
Microsoft Visual Studio Solution File, Format Version 12.00
# Visual Studio 2013
VisualStudioVersion = 12.0.21005.1
MinimumVisualStudioVersion = 10.0.40219.1
Project("{FAE04EC0-301F-11D3-BF4B-00C04F79EFBC}") = "SecretHelp", "SecretHelp\SecretHelp.csproj", "{BA63E52D-AF3F-4047-9850-64107F563E7A}"
EndProject
Project("{FAE04EC0-301F-11D3-BF4B-00C04F79EFBC}") = "CreateSysConfig", "CreateSysConfig\CreateSysConfig.csproj", "{07D0B4A7-B1B3-42C9-854D-431CD40844D0}"
EndProject
Global
	GlobalSection(SolutionConfigurationPlatforms) = preSolution
		Debug|Any CPU = Debug|Any CPU
		Release|Any CPU = Release|Any CPU
	EndGlobalSection
	GlobalSection(ProjectConfigurationPlatforms) = postSolution
		{BA63E52D-AF3F-4047-9850-64107F563E7A}.Debug|Any CPU.ActiveCfg = Debug|Any CPU
		{BA63E52D-AF3F-4047-9850-64107F563E7A}.Debug|Any CPU.Build.0 = Debug|Any CPU
		{BA63E52D-AF3F-4047-9850-64107F563E7A}.Release|Any CPU.ActiveCfg = Release|Any CPU
		{BA63E52D-AF3F-4047-9850-64107F563E7A}.Release|Any CPU.Build.0 = Release|Any CPU
		{07D0B4A7-B1B3-42C9-854D-431CD40844D0}.Debug|Any CPU.ActiveCfg = Debug|Any CPU
		{07D0B4A7-B1B3-42C9-854D-431CD40844D0}.Debug|Any CPU.Build.0 = Debug|Any CPU
		{07D0B4A7-B1B3-42C9-854D-431CD40844D0}.Release|Any CPU.ActiveCfg = Release|Any CPU
		{07D0B4A7-B1B3-42C9-854D-431CD40844D0}.Release|Any CPU.Build.0 = Release|Any CPU
	EndGlobalSection
	GlobalSection(SolutionProperties) = preSolution
		HideSolutionNode = FALSE
	EndGlobalSection
EndGlobal
